
Microsoft Visual Studio Solution File, Format Version 12.00
# Visual Studio Version 17
VisualStudioVersion = 17.2.32526.322
MinimumVisualStudioVersion = 10.0.40219.1
Project("{9A19103F-16F7-4668-BE54-9A1E7A4F7556}") = "MvcVetement", "MvcVetement.csproj", "{9DFDA5E9-7E39-4C66-84DB-4969298E79A6}"
EndProject
Global
	GlobalSection(SolutionConfigurationPlatforms) = preSolution
		Debug|Any CPU = Debug|Any CPU
		Release|Any CPU = Release|Any CPU
	EndGlobalSection
	GlobalSection(ProjectConfigurationPlatforms) = postSolution
		{9DFDA5E9-7E39-4C66-84DB-4969298E79A6}.Debug|Any CPU.ActiveCfg = Debug|Any CPU
		{9DFDA5E9-7E39-4C66-84DB-4969298E79A6}.Debug|Any CPU.Build.0 = Debug|Any CPU
		{9DFDA5E9-7E39-4C66-84DB-4969298E79A6}.Release|Any CPU.ActiveCfg = Release|Any CPU
		{9DFDA5E9-7E39-4C66-84DB-4969298E79A6}.Release|Any CPU.Build.0 = Release|Any CPU
	EndGlobalSection
	GlobalSection(SolutionProperties) = preSolution
		HideSolutionNode = FALSE
	EndGlobalSection
	GlobalSection(ExtensibilityGlobals) = postSolution
		SolutionGuid = {4C672DA4-C963-4F57-80F9-553EE7F37B75}
	EndGlobalSection
EndGlobal
